
Microsoft Visual Studio Solution File, Format Version 12.00
# Visual Studio 15
VisualStudioVersion = 15.0.26403.7
MinimumVisualStudioVersion = 10.0.40219.1
Project("{E24C65DC-7377-472B-9ABA-BC803B73C61A}") = "homworkJS", ".", "{67F03EE6-71A0-4199-BD0B-5C71228939A5}"
	ProjectSection(WebsiteProperties) = preProject
		TargetFrameworkMoniker = ".NETFramework,Version%3Dv4.5.2"
		Debug.AspNetCompiler.VirtualPath = "/localhost_51252"
		Debug.AspNetCompiler.PhysicalPath = "..\homworkJS\"
		Debug.AspNetCompiler.TargetPath = "PrecompiledWeb\localhost_51252\"
		Debug.AspNetCompiler.Updateable = "true"
		Debug.AspNetCompiler.ForceOverwrite = "true"
		Debug.AspNetCompiler.FixedNames = "false"
		Debug.AspNetCompiler.Debug = "True"
		Release.AspNetCompiler.VirtualPath = "/localhost_51252"
		Release.AspNetCompiler.PhysicalPath = "..\homworkJS\"
		Release.AspNetCompiler.TargetPath = "PrecompiledWeb\localhost_51252\"
		Release.AspNetCompiler.Updateable = "true"
		Release.AspNetCompiler.ForceOverwrite = "true"
		Release.AspNetCompiler.FixedNames = "false"
		Release.AspNetCompiler.Debug = "False"
		VWDPort = "51252"
		SlnRelativePath = "..\homworkJS\"
	EndProjectSection
EndProject
Global
	GlobalSection(SolutionConfigurationPlatforms) = preSolution
		Debug|Any CPU = Debug|Any CPU
	EndGlobalSection
	GlobalSection(ProjectConfigurationPlatforms) = postSolution
		{67F03EE6-71A0-4199-BD0B-5C71228939A5}.Debug|Any CPU.ActiveCfg = Debug|Any CPU
		{67F03EE6-71A0-4199-BD0B-5C71228939A5}.Debug|Any CPU.Build.0 = Debug|Any CPU
	EndGlobalSection
	GlobalSection(SolutionProperties) = preSolution
		HideSolutionNode = FALSE
	EndGlobalSection
EndGlobal
